// !$*UTF8*$!
{
	archiveVersion = 1;
	classes = {
	};
	objectVersion = 55;
	objects = {

/* Begin PBXBuildFile section */
		A206B6222867C21F0039724A /* MainViewController-ViewModel.swift in Sources */ = {isa = PBXBuildFile; fileRef = A206B6212867C21F0039724A /* MainViewController-ViewModel.swift */; };
		A266E08A2865F23E00CCBCA7 /* AppDelegate.swift in Sources */ = {isa = PBXBuildFile; fileRef = A266E0892865F23E00CCBCA7 /* AppDelegate.swift */; };
		A266E08C2865F23E00CCBCA7 /* SceneDelegate.swift in Sources */ = {isa = PBXBuildFile; fileRef = A266E08B2865F23E00CCBCA7 /* SceneDelegate.swift */; };
		A266E08E2865F23E00CCBCA7 /* MainViewController.swift in Sources */ = {isa = PBXBuildFile; fileRef = A266E08D2865F23E00CCBCA7 /* MainViewController.swift */; };
		A266E0912865F23E00CCBCA7 /* Main.storyboard in Resources */ = {isa = PBXBuildFile; fileRef = A266E08F2865F23E00CCBCA7 /* Main.storyboard */; };
		A266E0932865F24200CCBCA7 /* Assets.xcassets in Resources */ = {isa = PBXBuildFile; fileRef = A266E0922865F24200CCBCA7 /* Assets.xcassets */; };
		A266E0962865F24200CCBCA7 /* LaunchScreen.storyboard in Resources */ = {isa = PBXBuildFile; fileRef = A266E0942865F24200CCBCA7 /* LaunchScreen.storyboard */; };
		A266E0A428660A7100CCBCA7 /* WeatherData.swift in Sources */ = {isa = PBXBuildFile; fileRef = A266E0A328660A7100CCBCA7 /* WeatherData.swift */; };
		A266E0A928660AE600CCBCA7 /* APIManager.swift in Sources */ = {isa = PBXBuildFile; fileRef = A266E0A828660AE600CCBCA7 /* APIManager.swift */; };
		A266E0AB2867820A00CCBCA7 /* WeatherModel.swift in Sources */ = {isa = PBXBuildFile; fileRef = A266E0AA2867820A00CCBCA7 /* WeatherModel.swift */; };
		A2F901CC287DE2BF00AB6F95 /* SwipeCellKit in Frameworks */ = {isa = PBXBuildFile; productRef = A2F901CB287DE2BF00AB6F95 /* SwipeCellKit */; };
/* End PBXBuildFile section */

/* Begin PBXFileReference section */
		A206B6212867C21F0039724A /* MainViewController-ViewModel.swift */ = {isa = PBXFileReference; lastKnownFileType = sourcecode.swift; path = "MainViewController-ViewModel.swift"; sourceTree = "<group>"; };
		A266E0862865F23E00CCBCA7 /* ForecastAppChallenge.app */ = {isa = PBXFileReference; explicitFileType = wrapper.application; includeInIndex = 0; path = ForecastAppChallenge.app; sourceTree = BUILT_PRODUCTS_DIR; };
		A266E0892865F23E00CCBCA7 /* AppDelegate.swift */ = {isa = PBXFileReference; lastKnownFileType = sourcecode.swift; path = AppDelegate.swift; sourceTree = "<group>"; };
		A266E08B2865F23E00CCBCA7 /* SceneDelegate.swift */ = {isa = PBXFileReference; lastKnownFileType = sourcecode.swift; path = SceneDelegate.swift; sourceTree = "<group>"; };
		A266E08D2865F23E00CCBCA7 /* MainViewController.swift */ = {isa = PBXFileReference; lastKnownFileType = sourcecode.swift; path = MainViewController.swift; sourceTree = "<group>"; };
		A266E0902865F23E00CCBCA7 /* Base */ = {isa = PBXFileReference; lastKnownFileType = file.storyboard; name = Base; path = Base.lproj/Main.storyboard; sourceTree = "<group>"; };
		A266E0922865F24200CCBCA7 /* Assets.xcassets */ = {isa = PBXFileReference; lastKnownFileType = folder.assetcatalog; path = Assets.xcassets; sourceTree = "<group>"; };
		A266E0952865F24200CCBCA7 /* Base */ = {isa = PBXFileReference; lastKnownFileType = file.storyboard; name = Base; path = Base.lproj/LaunchScreen.storyboard; sourceTree = "<group>"; };
		A266E0972865F24200CCBCA7 /* Info.plist */ = {isa = PBXFileReference; lastKnownFileType = text.plist.xml; path = Info.plist; sourceTree = "<group>"; };
		A266E0A328660A7100CCBCA7 /* WeatherData.swift */ = {isa = PBXFileReference; lastKnownFileType = sourcecode.swift; path = WeatherData.swift; sourceTree = "<group>"; };
		A266E0A828660AE600CCBCA7 /* APIManager.swift */ = {isa = PBXFileReference; lastKnownFileType = sourcecode.swift; path = APIManager.swift; sourceTree = "<group>"; };
		A266E0AA2867820A00CCBCA7 /* WeatherModel.swift */ = {isa = PBXFileReference; lastKnownFileType = sourcecode.swift; path = WeatherModel.swift; sourceTree = "<group>"; };
/* End PBXFileReference section */

/* Begin PBXFrameworksBuildPhase section */
		A266E0832865F23E00CCBCA7 /* Frameworks */ = {
			isa = PBXFrameworksBuildPhase;
			buildActionMask = 2147483647;
			files = (
				A2F901CC287DE2BF00AB6F95 /* SwipeCellKit in Frameworks */,
			);
			runOnlyForDeploymentPostprocessing = 0;
		};
/* End PBXFrameworksBuildPhase section */

/* Begin PBXGroup section */
		A266E07D2865F23E00CCBCA7 = {
			isa = PBXGroup;
			children = (
				A266E0882865F23E00CCBCA7 /* ForecastAppChallenge */,
				A266E0872865F23E00CCBCA7 /* Products */,
			);
			sourceTree = "<group>";
		};
		A266E0872865F23E00CCBCA7 /* Products */ = {
			isa = PBXGroup;
			children = (
				A266E0862865F23E00CCBCA7 /* ForecastAppChallenge.app */,
			);
			name = Products;
			sourceTree = "<group>";
		};
		A266E0882865F23E00CCBCA7 /* ForecastAppChallenge */ = {
			isa = PBXGroup;
			children = (
				A266E0892865F23E00CCBCA7 /* AppDelegate.swift */,
				A266E08B2865F23E00CCBCA7 /* SceneDelegate.swift */,
				A266E0A628660AA100CCBCA7 /* Services */,
				A266E0A528660A8200CCBCA7 /* Model */,
				A266E0A128660A4D00CCBCA7 /* View */,
				A266E0A228660A5700CCBCA7 /* ViewModel */,
				A266E0922865F24200CCBCA7 /* Assets.xcassets */,
				A266E0942865F24200CCBCA7 /* LaunchScreen.storyboard */,
				A266E0972865F24200CCBCA7 /* Info.plist */,
			);
			path = ForecastAppChallenge;
			sourceTree = "<group>";
		};
		A266E0A128660A4D00CCBCA7 /* View */ = {
			isa = PBXGroup;
			children = (
				A266E08F2865F23E00CCBCA7 /* Main.storyboard */,
				A266E08D2865F23E00CCBCA7 /* MainViewController.swift */,
			);
			path = View;
			sourceTree = "<group>";
		};
		A266E0A228660A5700CCBCA7 /* ViewModel */ = {
			isa = PBXGroup;
			children = (
				A206B6212867C21F0039724A /* MainViewController-ViewModel.swift */,
			);
			path = ViewModel;
			sourceTree = "<group>";
		};
		A266E0A528660A8200CCBCA7 /* Model */ = {
			isa = PBXGroup;
			children = (
				A266E0A328660A7100CCBCA7 /* WeatherData.swift */,
				A266E0AA2867820A00CCBCA7 /* WeatherModel.swift */,
			);
			path = Model;
			sourceTree = "<group>";
		};
		A266E0A628660AA100CCBCA7 /* Services */ = {
			isa = PBXGroup;
			children = (
				A266E0A728660AAE00CCBCA7 /* Networking */,
			);
			path = Services;
			sourceTree = "<group>";
		};
		A266E0A728660AAE00CCBCA7 /* Networking */ = {
			isa = PBXGroup;
			children = (
				A266E0A828660AE600CCBCA7 /* APIManager.swift */,
			);
			path = Networking;
			sourceTree = "<group>";
		};
/* End PBXGroup section */

/* Begin PBXNativeTarget section */
		A266E0852865F23E00CCBCA7 /* ForecastAppChallenge */ = {
			isa = PBXNativeTarget;
			buildConfigurationList = A266E09A2865F24200CCBCA7 /* Build configuration list for PBXNativeTarget "ForecastAppChallenge" */;
			buildPhases = (
				A266E0822865F23E00CCBCA7 /* Sources */,
				A266E0832865F23E00CCBCA7 /* Frameworks */,
				A266E0842865F23E00CCBCA7 /* Resources */,
			);
			buildRules = (
			);
			dependencies = (
			);
			name = ForecastAppChallenge;
			packageProductDependencies = (
				A2F901CB287DE2BF00AB6F95 /* SwipeCellKit */,
			);
			productName = ForecastAppChallenge;
			productReference = A266E0862865F23E00CCBCA7 /* ForecastAppChallenge.app */;
			productType = "com.apple.product-type.application";
		};
/* End PBXNativeTarget section */

/* Begin PBXProject section */
		A266E07E2865F23E00CCBCA7 /* Project object */ = {
			isa = PBXProject;
			attributes = {
				BuildIndependentTargetsInParallel = 1;
				LastSwiftUpdateCheck = 1340;
				LastUpgradeCheck = 1340;
				TargetAttributes = {
					A266E0852865F23E00CCBCA7 = {
						CreatedOnToolsVersion = 13.4.1;
					};
				};
			};
			buildConfigurationList = A266E0812865F23E00CCBCA7 /* Build configuration list for PBXProject "ForecastAppChallenge" */;
			compatibilityVersion = "Xcode 13.0";
			developmentRegion = en;
			hasScannedForEncodings = 0;
			knownRegions = (
				en,
				Base,
			);
			mainGroup = A266E07D2865F23E00CCBCA7;
			packageReferences = (
				A2F901CA287DE2BF00AB6F95 /* XCRemoteSwiftPackageReference "SwipeCellKit" */,
			);
			productRefGroup = A266E0872865F23E00CCBCA7 /* Products */;
			projectDirPath = "";
			projectRoot = "";
			targets = (
				A266E0852865F23E00CCBCA7 /* ForecastAppChallenge */,
			);
		};
/* End PBXProject section */

/* Begin PBXResourcesBuildPhase section */
		A266E0842865F23E00CCBCA7 /* Resources */ = {
			isa = PBXResourcesBuildPhase;
			buildActionMask = 2147483647;
			files = (
				A266E0962865F24200CCBCA7 /* LaunchScreen.storyboard in Resources */,
				A266E0932865F24200CCBCA7 /* Assets.xcassets in Resources */,
				A266E0912865F23E00CCBCA7 /* Main.storyboard in Resources */,
			);
			runOnlyForDeploymentPostprocessing = 0;
		};
/* End PBXResourcesBuildPhase section */

/* Begin PBXSourcesBuildPhase section */
		A266E0822865F23E00CCBCA7 /* Sources */ = {
			isa = PBXSourcesBuildPhase;
			buildActionMask = 2147483647;
			files = (
				A266E08E2865F23E00CCBCA7 /* MainViewController.swift in Sources */,
				A206B6222867C21F0039724A /* MainViewController-ViewModel.swift in Sources */,
				A266E08A2865F23E00CCBCA7 /* AppDelegate.swift in Sources */,
				A266E0A428660A7100CCBCA7 /* WeatherData.swift in Sources */,
				A266E08C2865F23E00CCBCA7 /* SceneDelegate.swift in Sources */,
				A266E0AB2867820A00CCBCA7 /* WeatherModel.swift in Sources */,
				A266E0A928660AE600CCBCA7 /* APIManager.swift in Sources */,
			);
			runOnlyForDeploymentPostprocessing = 0;
		};
/* End PBXSourcesBuildPhase section */

/* Begin PBXVariantGroup section */
		A266E08F2865F23E00CCBCA7 /* Main.storyboard */ = {
			isa = PBXVariantGroup;
			children = (
				A266E0902865F23E00CCBCA7 /* Base */,
			);
			name = Main.storyboard;
			sourceTree = "<group>";
		};
		A266E0942865F24200CCBCA7 /* LaunchScreen.storyboard */ = {
			isa = PBXVariantGroup;
			children = (
				A266E0952865F24200CCBCA7 /* Base */,
			);
			name = LaunchScreen.storyboard;
			sourceTree = "<group>";
		};
/* End PBXVariantGroup section */

/* Begin XCBuildConfiguration section */
		A266E0982865F24200CCBCA7 /* Debug */ = {
			isa = XCBuildConfiguration;
			buildSettings = {
				ALWAYS_SEARCH_USER_PATHS = NO;
				CLANG_ANALYZER_NONNULL = YES;
				CLANG_ANALYZER_NUMBER_OBJECT_CONVERSION = YES_AGGRESSIVE;
				CLANG_CXX_LANGUAGE_STANDARD = "gnu++17";
				CLANG_ENABLE_MODULES = YES;
				CLANG_ENABLE_OBJC_ARC = YES;
				CLANG_ENABLE_OBJC_WEAK = YES;
				CLANG_WARN_BLOCK_CAPTURE_AUTORELEASING = YES;
				CLANG_WARN_BOOL_CONVERSION = YES;
				CLANG_WARN_COMMA = YES;
				CLANG_WARN_CONSTANT_CONVERSION = YES;
				CLANG_WARN_DEPRECATED_OBJC_IMPLEMENTATIONS = YES;
				CLANG_WARN_DIRECT_OBJC_ISA_USAGE = YES_ERROR;
				CLANG_WARN_DOCUMENTATION_COMMENTS = YES;
				CLANG_WARN_EMPTY_BODY = YES;
				CLANG_WARN_ENUM_CONVERSION = YES;
				CLANG_WARN_INFINITE_RECURSION = YES;
				CLANG_WARN_INT_CONVERSION = YES;
				CLANG_WARN_NON_LITERAL_NULL_CONVERSION = YES;
				CLANG_WARN_OBJC_IMPLICIT_RETAIN_SELF = YES;
				CLANG_WARN_OBJC_LITERAL_CONVERSION = YES;
				CLANG_WARN_OBJC_ROOT_CLASS = YES_ERROR;
				CLANG_WARN_QUOTED_INCLUDE_IN_FRAMEWORK_HEADER = YES;
				CLANG_WARN_RANGE_LOOP_ANALYSIS = YES;
				CLANG_WARN_STRICT_PROTOTYPES = YES;
				CLANG_WARN_SUSPICIOUS_MOVE = YES;
				CLANG_WARN_UNGUARDED_AVAILABILITY = YES_AGGRESSIVE;
				CLANG_WARN_UNREACHABLE_CODE = YES;
				CLANG_WARN__DUPLICATE_METHOD_MATCH = YES;
				COPY_PHASE_STRIP = NO;
				DEBUG_INFORMATION_FORMAT = dwarf;
				ENABLE_STRICT_OBJC_MSGSEND = YES;
				ENABLE_TESTABILITY = YES;
				GCC_C_LANGUAGE_STANDARD = gnu11;
				GCC_DYNAMIC_NO_PIC = NO;
				GCC_NO_COMMON_BLOCKS = YES;
				GCC_OPTIMIZATION_LEVEL = 0;
				GCC_PREPROCESSOR_DEFINITIONS = (
					"DEBUG=1",
					"$(inherited)",
				);
				GCC_WARN_64_TO_32_BIT_CONVERSION = YES;
				GCC_WARN_ABOUT_RETURN_TYPE = YES_ERROR;
				GCC_WARN_UNDECLARED_SELECTOR = YES;
				GCC_WARN_UNINITIALIZED_AUTOS = YES_AGGRESSIVE;
				GCC_WARN_UNUSED_FUNCTION = YES;
				GCC_WARN_UNUSED_VARIABLE = YES;
				IPHONEOS_DEPLOYMENT_TARGET = 15.5;
				MTL_ENABLE_DEBUG_INFO = INCLUDE_SOURCE;
				MTL_FAST_MATH = YES;
				ONLY_ACTIVE_ARCH = YES;
				SDKROOT = iphoneos;
				SWIFT_ACTIVE_COMPILATION_CONDITIONS = DEBUG;
				SWIFT_OPTIMIZATION_LEVEL = "-Onone";
			};
			name = Debug;
		};
		A266E0992865F24200CCBCA7 /* Release */ = {
			isa = XCBuildConfiguration;
			buildSettings = {
				ALWAYS_SEARCH_USER_PATHS = NO;
				CLANG_ANALYZER_NONNULL = YES;
				CLANG_ANALYZER_NUMBER_OBJECT_CONVERSION = YES_AGGRESSIVE;
				CLANG_CXX_LANGUAGE_STANDARD = "gnu++17";
				CLANG_ENABLE_MODULES = YES;
				CLANG_ENABLE_OBJC_ARC = YES;
				CLANG_ENABLE_OBJC_WEAK = YES;
				CLANG_WARN_BLOCK_CAPTURE_AUTORELEASING = YES;
				CLANG_WARN_BOOL_CONVERSION = YES;
				CLANG_WARN_COMMA = YES;
				CLANG_WARN_CONSTANT_CONVERSION = YES;
				CLANG_WARN_DEPRECATED_OBJC_IMPLEMENTATIONS = YES;
				CLANG_WARN_DIRECT_OBJC_ISA_USAGE = YES_ERROR;
				CLANG_WARN_DOCUMENTATION_COMMENTS = YES;
				CLANG_WARN_EMPTY_BODY = YES;
				CLANG_WARN_ENUM_CONVERSION = YES;
				CLANG_WARN_INFINITE_RECURSION = YES;
				CLANG_WARN_INT_CONVERSION = YES;
				CLANG_WARN_NON_LITERAL_NULL_CONVERSION = YES;
				CLANG_WARN_OBJC_IMPLICIT_RETAIN_SELF = YES;
				CLANG_WARN_OBJC_LITERAL_CONVERSION = YES;
				CLANG_WARN_OBJC_ROOT_CLASS = YES_ERROR;
				CLANG_WARN_QUOTED_INCLUDE_IN_FRAMEWORK_HEADER = YES;
				CLANG_WARN_RANGE_LOOP_ANALYSIS = YES;
				CLANG_WARN_STRICT_PROTOTYPES = YES;
				CLANG_WARN_SUSPICIOUS_MOVE = YES;
				CLANG_WARN_UNGUARDED_AVAILABILITY = YES_AGGRESSIVE;
				CLANG_WARN_UNREACHABLE_CODE = YES;
				CLANG_WARN__DUPLICATE_METHOD_MATCH = YES;
				COPY_PHASE_STRIP = NO;
				DEBUG_INFORMATION_FORMAT = "dwarf-with-dsym";
				ENABLE_NS_ASSERTIONS = NO;
				ENABLE_STRICT_OBJC_MSGSEND = YES;
				GCC_C_LANGUAGE_STANDARD = gnu11;
				GCC_NO_COMMON_BLOCKS = YES;
				GCC_WARN_64_TO_32_BIT_CONVERSION = YES;
				GCC_WARN_ABOUT_RETURN_TYPE = YES_ERROR;
				GCC_WARN_UNDECLARED_SELECTOR = YES;
				GCC_WARN_UNINITIALIZED_AUTOS = YES_AGGRESSIVE;
				GCC_WARN_UNUSED_FUNCTION = YES;
				GCC_WARN_UNUSED_VARIABLE = YES;
				IPHONEOS_DEPLOYMENT_TARGET = 15.5;
				MTL_ENABLE_DEBUG_INFO = NO;
				MTL_FAST_MATH = YES;
				SDKROOT = iphoneos;
				SWIFT_COMPILATION_MODE = wholemodule;
				SWIFT_OPTIMIZATION_LEVEL = "-O";
				VALIDATE_PRODUCT = YES;
			};
			name = Release;
		};
		A266E09B2865F24200CCBCA7 /* Debug */ = {
			isa = XCBuildConfiguration;
			buildSettings = {
				ASSETCATALOG_COMPILER_APPICON_NAME = AppIcon;
				ASSETCATALOG_COMPILER_GLOBAL_ACCENT_COLOR_NAME = AccentColor;
				CODE_SIGN_STYLE = Automatic;
				CURRENT_PROJECT_VERSION = 1;
				DEVELOPMENT_TEAM = TWCA54VAW5;
				GENERATE_INFOPLIST_FILE = YES;
				INFOPLIST_FILE = ForecastAppChallenge/Info.plist;
				INFOPLIST_KEY_LSApplicationCategoryType = "";
				INFOPLIST_KEY_UIApplicationSupportsIndirectInputEvents = YES;
				INFOPLIST_KEY_UILaunchStoryboardName = LaunchScreen;
				INFOPLIST_KEY_UIMainStoryboardFile = Main;
				INFOPLIST_KEY_UISupportedInterfaceOrientations = UIInterfaceOrientationPortrait;
				INFOPLIST_KEY_UISupportedInterfaceOrientations_iPad = "UIInterfaceOrientationPortrait UIInterfaceOrientationPortraitUpsideDown UIInterfaceOrientationLandscapeLeft UIInterfaceOrientationLandscapeRight";
				INFOPLIST_KEY_UISupportedInterfaceOrientations_iPhone = "UIInterfaceOrientationPortrait UIInterfaceOrientationLandscapeLeft UIInterfaceOrientationLandscapeRight";
				LD_RUNPATH_SEARCH_PATHS = (
					"$(inherited)",
					"@executable_path/Frameworks",
				);
				MARKETING_VERSION = 1.0;
				PRODUCT_BUNDLE_IDENTIFIER = com.santiagorodriguezaffonso.ForecastAppChallenge;
				PRODUCT_NAME = "$(TARGET_NAME)";
				SWIFT_EMIT_LOC_STRINGS = YES;
				SWIFT_VERSION = 5.0;
				TARGETED_DEVICE_FAMILY = "1,2";
			};
			name = Debug;
		};
		A266E09C2865F24200CCBCA7 /* Release */ = {
			isa = XCBuildConfiguration;
			buildSettings = {
				ASSETCATALOG_COMPILER_APPICON_NAME = AppIcon;
				ASSETCATALOG_COMPILER_GLOBAL_ACCENT_COLOR_NAME = AccentColor;
				CODE_SIGN_STYLE = Automatic;
				CURRENT_PROJECT_VERSION = 1;
				DEVELOPMENT_TEAM = TWCA54VAW5;
				GENERATE_INFOPLIST_FILE = YES;
				INFOPLIST_FILE = ForecastAppChallenge/Info.plist;
				INFOPLIST_KEY_LSApplicationCategoryType = "";
				INFOPLIST_KEY_UIApplicationSupportsIndirectInputEvents = YES;
				INFOPLIST_KEY_UILaunchStoryboardName = LaunchScreen;
				INFOPLIST_KEY_UIMainStoryboardFile = Main;
				INFOPLIST_KEY_UISupportedInterfaceOrientations = UIInterfaceOrientationPortrait;
				INFOPLIST_KEY_UISupportedInterfaceOrientations_iPad = "UIInterfaceOrientationPortrait UIInterfaceOrientationPortraitUpsideDown UIInterfaceOrientationLandscapeLeft UIInterfaceOrientationLandscapeRight";
				INFOPLIST_KEY_UISupportedInterfaceOrientations_iPhone = "UIInterfaceOrientationPortrait UIInterfaceOrientationLandscapeLeft UIInterfaceOrientationLandscapeRight";
				LD_RUNPATH_SEARCH_PATHS = (
					"$(inherited)",
					"@executable_path/Frameworks",
				);
				MARKETING_VERSION = 1.0;
				PRODUCT_BUNDLE_IDENTIFIER = com.santiagorodriguezaffonso.ForecastAppChallenge;
				PRODUCT_NAME = "$(TARGET_NAME)";
				SWIFT_EMIT_LOC_STRINGS = YES;
				SWIFT_VERSION = 5.0;
				TARGETED_DEVICE_FAMILY = "1,2";
			};
			name = Release;
		};
/* End XCBuildConfiguration section */

/* Begin XCConfigurationList section */
		A266E0812865F23E00CCBCA7 /* Build configuration list for PBXProject "ForecastAppChallenge" */ = {
			isa = XCConfigurationList;
			buildConfigurations = (
				A266E0982865F24200CCBCA7 /* Debug */,
				A266E0992865F24200CCBCA7 /* Release */,
			);
			defaultConfigurationIsVisible = 0;
			defaultConfigurationName = Release;
		};
		A266E09A2865F24200CCBCA7 /* Build configuration list for PBXNativeTarget "ForecastAppChallenge" */ = {
			isa = XCConfigurationList;
			buildConfigurations = (
				A266E09B2865F24200CCBCA7 /* Debug */,
				A266E09C2865F24200CCBCA7 /* Release */,
			);
			defaultConfigurationIsVisible = 0;
			defaultConfigurationName = Release;
		};
/* End XCConfigurationList section */

/* Begin XCRemoteSwiftPackageReference section */
		A2F901CA287DE2BF00AB6F95 /* XCRemoteSwiftPackageReference "SwipeCellKit" */ = {
			isa = XCRemoteSwiftPackageReference;
			repositoryURL = "https://github.com/SwipeCellKit/SwipeCellKit";
			requirement = {
				kind = upToNextMajorVersion;
				minimumVersion = 2.0.0;
			};
		};
/* End XCRemoteSwiftPackageReference section */

/* Begin XCSwiftPackageProductDependency section */
		A2F901CB287DE2BF00AB6F95 /* SwipeCellKit */ = {
			isa = XCSwiftPackageProductDependency;
			package = A2F901CA287DE2BF00AB6F95 /* XCRemoteSwiftPackageReference "SwipeCellKit" */;
			productName = SwipeCellKit;
		};
/* End XCSwiftPackageProductDependency section */
	};
	rootObject = A266E07E2865F23E00CCBCA7 /* Project object */;
}
